version = 1
revision = 1
requires-python = ">=3.9, <4"

[[package]]
name = "annotated-types"
version = "0.5.0"
source = { registry = "https://pypi.org/simple" }
sdist = { url = "https://files.pythonhosted.org/packages/42/97/41ccb6acac36fdd13592a686a21b311418f786f519e5794b957afbcea938/annotated_types-0.5.0.tar.gz", hash = "sha256:47cdc3490d9ac1506ce92c7aaa76c579dc3509ff11e098fc867e5130ab7be802", size = 13504 }
wheels = [
    { url = "https://files.pythonhosted.org/packages/d8/f0/a2ee543a96cc624c35a9086f39b1ed2aa403c6d355dfe47a11ee5c64a164/annotated_types-0.5.0-py3-none-any.whl", hash = "sha256:58da39888f92c276ad970249761ebea80ba544b77acddaa1a4d6cf78287d45fd", size = 11136 },
]

[[package]]
name = "anyio"
version = "3.7.1"
source = { registry = "https://pypi.org/simple" }
dependencies = [
    { name = "exceptiongroup", marker = "python_full_version < '3.11'" },
    { name = "idna" },
    { name = "sniffio" },
]
sdist = { url = "https://files.pythonhosted.org/packages/28/99/2dfd53fd55ce9838e6ff2d4dac20ce58263798bd1a0dbe18b3a9af3fcfce/anyio-3.7.1.tar.gz", hash = "sha256:44a3c9aba0f5defa43261a8b3efb97891f2bd7d804e0e1f56419befa1adfc780", size = 142927 }
wheels = [
    { url = "https://files.pythonhosted.org/packages/19/24/44299477fe7dcc9cb58d0a57d5a7588d6af2ff403fdd2d47a246c91a3246/anyio-3.7.1-py3-none-any.whl", hash = "sha256:91dee416e570e92c64041bd18b900d1d6fa78dff7048769ce5ac5ddad004fbb5", size = 80896 },
]

[[package]]
name = "certifi"
version = "2023.5.7"
source = { registry = "https://pypi.org/simple" }
sdist = { url = "https://files.pythonhosted.org/packages/93/71/752f7a4dd4c20d6b12341ed1732368546bc0ca9866139fe812f6009d9ac7/certifi-2023.5.7.tar.gz", hash = "sha256:0f0d56dc5a6ad56fd4ba36484d6cc34451e1c6548c61daad8c320169f91eddc7", size = 158051 }
wheels = [
    { url = "https://files.pythonhosted.org/packages/9d/19/59961b522e6757f0c9097e4493fa906031b95b3ebe9360b2c3083561a6b4/certifi-2023.5.7-py3-none-any.whl", hash = "sha256:c6c2e98f5c7869efca1f8916fed228dd91539f9f1b444c314c06eef02980c716", size = 156962 },
]

[[package]]
name = "colorama"
version = "0.4.6"
source = { registry = "https://pypi.org/simple" }
sdist = { url = "https://files.pythonhosted.org/packages/d8/53/6f443c9a4a8358a93a6792e2acffb9d9d5cb0a5cfd8802644b7b1c9a02e4/colorama-0.4.6.tar.gz", hash = "sha256:08695f5cb7ed6e0531a20572697297273c47b8cae5a63ffc6d6ed5c201be6e44", size = 27697 }
wheels = [
    { url = "https://files.pythonhosted.org/packages/d1/d6/3965ed04c63042e047cb6a3e6ed1a63a35087b6a609aa3a15ed8ac56c221/colorama-0.4.6-py2.py3-none-any.whl", hash = "sha256:4f1d9991f5acc0ca119f9d443620b77f9d6b33703e51011c16baf57afb285fc6", size = 25335 },
]

[[package]]
name = "decorator"
version = "5.1.1"
source = { registry = "https://pypi.org/simple" }
sdist = { url = "https://files.pythonhosted.org/packages/66/0c/8d907af351aa16b42caae42f9d6aa37b900c67308052d10fdce809f8d952/decorator-5.1.1.tar.gz", hash = "sha256:637996211036b6385ef91435e4fae22989472f9d571faba8927ba8253acbc330", size = 35016 }
wheels = [
    { url = "https://files.pythonhosted.org/packages/d5/50/83c593b07763e1161326b3b8c6686f0f4b0f24d5526546bee538c89837d6/decorator-5.1.1-py3-none-any.whl", hash = "sha256:b8c3f85900b9dc423225913c5aace94729fe1fa9763b38939a95226f02d37186", size = 9073 },
]

[[package]]
name = "exceptiongroup"
version = "1.1.2"
source = { registry = "https://pypi.org/simple" }
sdist = { url = "https://files.pythonhosted.org/packages/55/09/5d2079ecab0ca483e527a1707a483562bdc17abf829d3e73f0c1a73b61c7/exceptiongroup-1.1.2.tar.gz", hash = "sha256:12c3e887d6485d16943a309616de20ae5582633e0a2eda17f4e10fd61c1e8af5", size = 23124 }
wheels = [
    { url = "https://files.pythonhosted.org/packages/fe/17/f43b7c9ccf399d72038042ee72785c305f6c6fdc6231942f8ab99d995742/exceptiongroup-1.1.2-py3-none-any.whl", hash = "sha256:e346e69d186172ca7cf029c8c1d16235aa0e04035e5750b4b95039e65204328f", size = 14446 },
]

[[package]]
name = "fastapi"
version = "0.115.12"
source = { registry = "https://pypi.org/simple" }
dependencies = [
    { name = "pydantic" },
    { name = "starlette" },
    { name = "typing-extensions" },
]
sdist = { url = "https://files.pythonhosted.org/packages/f4/55/ae499352d82338331ca1e28c7f4a63bfd09479b16395dce38cf50a39e2c2/fastapi-0.115.12.tar.gz", hash = "sha256:1e2c2a2646905f9e83d32f04a3f86aff4a286669c6c950ca95b5fd68c2602681", size = 295236 }
wheels = [
    { url = "https://files.pythonhosted.org/packages/50/b3/b51f09c2ba432a576fe63758bddc81f78f0c6309d9e5c10d194313bf021e/fastapi-0.115.12-py3-none-any.whl", hash = "sha256:e94613d6c05e27be7ffebdd6ea5f388112e5e430c8f7d6494a9d1d88d43e814d", size = 95164 },
]

[[package]]
name = "fastapi-gssapi"
version = "0.1.0"
source = { editable = "." }
dependencies = [
    { name = "fastapi" },
    { name = "gssapi" },
]

[package.dev-dependencies]
dev = [
    { name = "httpx" },
    { name = "k5test" },
    { name = "pytest" },
]

[package.metadata]
requires-dist = [
    { name = "fastapi", specifier = ">=0.100.0" },
    { name = "gssapi", specifier = ">=1.8.2,<2" },
]

[package.metadata.requires-dev]
dev = [
    { name = "httpx", specifier = ">=0.24.1,<0.25" },
    { name = "k5test", specifier = ">=0.10.3,<0.11" },
    { name = "pytest", specifier = ">=7.4.0,<8" },
]

[[package]]
name = "gssapi"
version = "1.8.2"
source = { registry = "https://pypi.org/simple" }
dependencies = [
    { name = "decorator" },
]
sdist = { url = "https://files.pythonhosted.org/packages/27/71/5110b5af9354e5eb66a30dbaa6bac2a5e3013057120544830a849dbd087b/gssapi-1.8.2.tar.gz", hash = "sha256:b78e0a021cc91158660e4c5cc9263e07c719346c35a9c0f66725e914b235c89a", size = 94305 }
wheels = [
    { url = "https://files.pythonhosted.org/packages/ba/0d/8e2b9fdcf92685f9d75e9e5662fe551ae8ef78d0a49a0691173a98f76de2/gssapi-1.8.2-cp310-cp310-macosx_10_9_x86_64.whl", hash = "sha256:7c14cf97d61073d8211abfded77066af791356868022acda10224a8212639cf5", size = 596250 },
    { url = "https://files.pythonhosted.org/packages/07/ff/8acb19608ad388e853bae13f5b223d6c0ebc7480949792bde7408bb5d8e2/gssapi-1.8.2-cp310-cp310-macosx_11_0_arm64.whl", hash = "sha256:a36bc089036196aa03c3c312ea1639677065b3d7e8f37edbba731f61f5e56dd6", size = 550906 },
    { url = "https://files.pythonhosted.org/packages/bd/c4/0118c8b57ea2cc0d90fd73b3913e5bc71881fd999097c1b94f46b9b56c88/gssapi-1.8.2-cp310-cp310-win32.whl", hash = "sha256:cdd6bff2cf7f3a5a5a24cddde137b6e117fe53aad81f240dee2e8e383c0b289b", size = 609941 },
    { url = "https://files.pythonhosted.org/packages/2d/06/85ba9d00ac91df12bab7e11138251bd6abdb9a125fb4c5b7ca81922bafd4/gssapi-1.8.2-cp310-cp310-win_amd64.whl", hash = "sha256:f75b094913a1757e5e634b70b03e808cab0eb02c802ec50b760636b23b0aa50c", size = 676535 },
    { url = "https://files.pythonhosted.org/packages/b4/70/be4e9736ca7d67afebbc874ef7d880c283292304527c526ff63788aeae19/gssapi-1.8.2-cp311-cp311-macosx_10_9_x86_64.whl", hash = "sha256:47d69b1fd3bd0764d7a14500c6cbd8fd08198ee6e1737048a01ad7024d57f67d", size = 597155 },
    { url = "https://files.pythonhosted.org/packages/d2/d2/836db96140de5152dc014fd9d83f0cf40f07160de3c645c0e6a2cb76b5a3/gssapi-1.8.2-cp311-cp311-macosx_11_0_arm64.whl", hash = "sha256:67c85758a6b40042509c96bb00d0873a501491453ad5b0da88dbfa9343c8ffea", size = 547489 },
    { url = "https://files.pythonhosted.org/packages/cb/46/0edae670477ea32244858ed4b6970dff8dc86b7cb549b840a0340ec6a98f/gssapi-1.8.2-cp311-cp311-win32.whl", hash = "sha256:4aaed04439aed8eba525ea44dd7219ecd97d520254320e66ac53d9ae4acb8fe5", size = 610316 },
    { url = "https://files.pythonhosted.org/packages/ad/88/3525602008b60ec3f2f3b2191f709a98542d2f4c7bedaecb68d590f0bb64/gssapi-1.8.2-cp311-cp311-win_amd64.whl", hash = "sha256:8b4c1c664635153b0055a08bf30ec1552c8aa064a76f565d7905057500f334b3", size = 674079 },
    { url = "https://files.pythonhosted.org/packages/5c/98/29742495a9823ce6cd3fa1a2e79f577aab073584c02bbae1b1e3b0ab36bb/gssapi-1.8.2-cp39-cp39-macosx_10_9_x86_64.whl", hash = "sha256:d6be1d8e07cc151e217f8a0ccf7c28ca5a1bb0ae00c8512586642c9f876a7298", size = 624100 },
    { url = "https://files.pythonhosted.org/packages/33/97/5b61a4e98d59095861fe899a232c43ed841607a0cddb86df0c28fdc45eb0/gssapi-1.8.2-cp39-cp39-macosx_11_0_arm64.whl", hash = "sha256:75763c49b3e18da60e160d76e8ac9a27b0bbd637c6e88513150fbb7158ae15d7", size = 568618 },
    { url = "https://files.pythonhosted.org/packages/58/a2/5c98c62a87ae3bb0f69ce92be350ce3565711deac678d76d67f63c47aa07/gssapi-1.8.2-cp39-cp39-win32.whl", hash = "sha256:dcd2be270bf490b6007eb3734795aaeddf92848f79b69d6a23f6204ccaa9b6c7", size = 633677 },
    { url = "https://files.pythonhosted.org/packages/fb/06/8deda19dda3f308eaf85141c22ec485f067a597dad25b8ddd9543d67fd99/gssapi-1.8.2-cp39-cp39-win_amd64.whl", hash = "sha256:fac7d1f4b14383bd29d3996cf5f6f23d0dc50ffd7965d2bc35bcc0849da24152", size = 705735 },
]

[[package]]
name = "h11"
version = "0.14.0"
source = { registry = "https://pypi.org/simple" }
sdist = { url = "https://files.pythonhosted.org/packages/f5/38/3af3d3633a34a3316095b39c8e8fb4853a28a536e55d347bd8d8e9a14b03/h11-0.14.0.tar.gz", hash = "sha256:8f19fbbe99e72420ff35c00b27a34cb9937e902a8b810e2c88300c6f0a3b699d", size = 100418 }
wheels = [
    { url = "https://files.pythonhosted.org/packages/95/04/ff642e65ad6b90db43e668d70ffb6736436c7ce41fcc549f4e9472234127/h11-0.14.0-py3-none-any.whl", hash = "sha256:e3fe4ac4b851c468cc8363d500db52c2ead036020723024a109d37346efaa761", size = 58259 },
]

[[package]]
name = "httpcore"
version = "0.17.3"
source = { registry = "https://pypi.org/simple" }
dependencies = [
    { name = "anyio" },
    { name = "certifi" },
    { name = "h11" },
    { name = "sniffio" },
]
sdist = { url = "https://files.pythonhosted.org/packages/63/ad/c98ecdbfe04417e71e143bf2f2fb29128e4787d78d1cedba21bd250c7e7a/httpcore-0.17.3.tar.gz", hash = "sha256:a6f30213335e34c1ade7be6ec7c47f19f50c56db36abef1a9dfa3815b1cb3888", size = 62676 }
wheels = [
    { url = "https://files.pythonhosted.org/packages/94/2c/2bde7ff8dd2064395555220cbf7cba79991172bf5315a07eb3ac7688d9f1/httpcore-0.17.3-py3-none-any.whl", hash = "sha256:c2789b767ddddfa2a5782e3199b2b7f6894540b17b16ec26b2c4d8e103510b87", size = 74513 },
]

[[package]]
name = "httpx"
version = "0.24.1"
source = { registry = "https://pypi.org/simple" }
dependencies = [
    { name = "certifi" },
    { name = "httpcore" },
    { name = "idna" },
    { name = "sniffio" },
]
sdist = { url = "https://files.pythonhosted.org/packages/f8/2a/114d454cb77657dbf6a293e69390b96318930ace9cd96b51b99682493276/httpx-0.24.1.tar.gz", hash = "sha256:5853a43053df830c20f8110c5e69fe44d035d850b2dfe795e196f00fdb774bdd", size = 81858 }
wheels = [
    { url = "https://files.pythonhosted.org/packages/ec/91/e41f64f03d2a13aee7e8c819d82ee3aa7cdc484d18c0ae859742597d5aa0/httpx-0.24.1-py3-none-any.whl", hash = "sha256:06781eb9ac53cde990577af654bd990a4949de37a28bdb4a230d434f3a30b9bd", size = 75377 },
]

[[package]]
name = "idna"
version = "3.4"
source = { registry = "https://pypi.org/simple" }
sdist = { url = "https://files.pythonhosted.org/packages/8b/e1/43beb3d38dba6cb420cefa297822eac205a277ab43e5ba5d5c46faf96438/idna-3.4.tar.gz", hash = "sha256:814f528e8dead7d329833b91c5faa87d60bf71824cd12a7530b5526063d02cb4", size = 183077 }
wheels = [
    { url = "https://files.pythonhosted.org/packages/fc/34/3030de6f1370931b9dbb4dad48f6ab1015ab1d32447850b9fc94e60097be/idna-3.4-py3-none-any.whl", hash = "sha256:90b77e79eaa3eba6de819a0c442c0b4ceefc341a7a2ab77d7562bf49f425c5c2", size = 61538 },
]

[[package]]
name = "iniconfig"
version = "2.0.0"
source = { registry = "https://pypi.org/simple" }
sdist = { url = "https://files.pythonhosted.org/packages/d7/4b/cbd8e699e64a6f16ca3a8220661b5f83792b3017d0f79807cb8708d33913/iniconfig-2.0.0.tar.gz", hash = "sha256:2d91e135bf72d31a410b17c16da610a82cb55f6b0477d1a902134b24a455b8b3", size = 4646 }
wheels = [
    { url = "https://files.pythonhosted.org/packages/ef/a6/62565a6e1cf69e10f5727360368e451d4b7f58beeac6173dc9db836a5b46/iniconfig-2.0.0-py3-none-any.whl", hash = "sha256:b6a85871a79d2e3b22d2d1b94ac2824226a63c6b741c88f7ae975f18b6778374", size = 5892 },
]

[[package]]
name = "k5test"
version = "0.10.3"
source = { registry = "https://pypi.org/simple" }
sdist = { url = "https://files.pythonhosted.org/packages/7a/6d/aaaa255d5b0656ccaf3b2f7ca608587a14b94a2f02c8ba8273dd182ea3ef/k5test-0.10.3.tar.gz", hash = "sha256:9c9deebcad63a315e81833d45e9fd12bf20166643b8abcb9ff6f4d6b184c571f", size = 13580 }
wheels = [
    { url = "https://files.pythonhosted.org/packages/d5/57/f797910bad856a0d43287b5dc10c3373736aa70a9431efb224c0ab648b81/k5test-0.10.3-py2.py3-none-any.whl", hash = "sha256:9584d28c71a861aea8e622bf57e166b9116903d45875f1b8883fa4bbdef737de", size = 11207 },
]

[[package]]
name = "packaging"
version = "23.1"
source = { registry = "https://pypi.org/simple" }
sdist = { url = "https://files.pythonhosted.org/packages/b9/6c/7c6658d258d7971c5eb0d9b69fa9265879ec9a9158031206d47800ae2213/packaging-23.1.tar.gz", hash = "sha256:a392980d2b6cffa644431898be54b0045151319d1e7ec34f0cfed48767dd334f", size = 134240 }
wheels = [
    { url = "https://files.pythonhosted.org/packages/ab/c3/57f0601a2d4fe15de7a553c00adbc901425661bf048f2a22dfc500caf121/packaging-23.1-py3-none-any.whl", hash = "sha256:994793af429502c4ea2ebf6bf664629d07c1a9fe974af92966e4b8d2df7edc61", size = 48905 },
]

[[package]]
name = "pluggy"
version = "1.2.0"
source = { registry = "https://pypi.org/simple" }
sdist = { url = "https://files.pythonhosted.org/packages/8a/42/8f2833655a29c4e9cb52ee8a2be04ceac61bcff4a680fb338cbd3d1e322d/pluggy-1.2.0.tar.gz", hash = "sha256:d12f0c4b579b15f5e054301bb226ee85eeeba08ffec228092f8defbaa3a4c4b3", size = 61613 }
wheels = [
    { url = "https://files.pythonhosted.org/packages/51/32/4a79112b8b87b21450b066e102d6608907f4c885ed7b04c3fdb085d4d6ae/pluggy-1.2.0-py3-none-any.whl", hash = "sha256:c2fd55a7d7a3863cba1a013e4e2414658b1d07b6bc57b3919e0c63c9abb99849", size = 17695 },
]

[[package]]
name = "pydantic"
version = "2.0.2"
source = { registry = "https://pypi.org/simple" }
dependencies = [
    { name = "annotated-types" },
    { name = "pydantic-core" },
    { name = "typing-extensions" },
]
sdist = { url = "https://files.pythonhosted.org/packages/3c/39/e526f3ca06e062e0ad773555f5349ff5d9ed50bfa62c45df8e74fff9ff14/pydantic-2.0.2.tar.gz", hash = "sha256:b802f5245b8576315fe619e5989fd083448fa1258638ef9dac301ca60878396d", size = 580114 }
wheels = [
    { url = "https://files.pythonhosted.org/packages/79/bf/ce11dc07156bdbf12009c560ba5fdb308522f77e7484b64f4aff682d93cf/pydantic-2.0.2-py3-none-any.whl", hash = "sha256:f5581e0c79b2ec2fa25a9d30d766629811cdda022107fa73d022ab5578873ae3", size = 359093 },
]

[[package]]
name = "pydantic-core"
version = "2.1.2"
source = { registry = "https://pypi.org/simple" }
dependencies = [
    { name = "typing-extensions" },
]
sdist = { url = "https://files.pythonhosted.org/packages/66/68/9703e44f0bcc29eeaacb1c063675687524646a1bbe3c4527d45475cf120e/pydantic_core-2.1.2.tar.gz", hash = "sha256:d2c790f0d928b672484eac4f5696dd0b78f3d6d148a641ea196eb49c0875e30a", size = 305997 }
wheels = [
    { url = "https://files.pythonhosted.org/packages/61/2f/b81db8668fa1f0e069cf086be1983f22bb5faacfef9dc00ce47688390bb5/pydantic_core-2.1.2-cp310-cp310-macosx_10_7_x86_64.whl", hash = "sha256:b4815720c266e832b20e27a7a5f3772bb09fdedb31a9a34bab7b49d98967ef5a", size = 1477954 },
    { url = "https://files.pythonhosted.org/packages/e9/42/5facc2d3aca9a21c90f3f3fa9b7a7975951704b47d0eb040fc70b66900e7/pydantic_core-2.1.2-cp310-cp310-macosx_11_0_arm64.whl", hash = "sha256:8884a1dbfc5cb8c54b48446ca916d4577c1f4d901126091e4ab25d00194e065f", size = 1374313 },
    { url = "https://files.pythonhosted.org/packages/ba/fb/3aa41c4ee6e5456355267b6f0b60bb0c9d8e41556bc130e3ee4b50bbba7b/pydantic_core-2.1.2-cp310-cp310-manylinux_2_17_aarch64.manylinux2014_aarch64.whl", hash = "sha256:74a33aa69d476773230396396afb8e11908f8dafdcfd422e746770599a3f889d", size = 1423802 },
    { url = "https://files.pythonhosted.org/packages/cc/92/e6bb8c9a9cf0d25f7dad6457a194f0c602d13029fab0fa252ecd6f917980/pydantic_core-2.1.2-cp310-cp310-manylinux_2_17_x86_64.manylinux2014_x86_64.whl", hash = "sha256:af832edd384755826e494ffdcf1fdda86e4babc42a0b18d342943fb18181040e", size = 1837066 },
    { url = "https://files.pythonhosted.org/packages/9e/53/b477aec118bf87a35d271ce520989a4cde7072c8c0b8a6cb483d8a8c27bb/pydantic_core-2.1.2-cp310-cp310-manylinux_2_24_armv7l.whl", hash = "sha256:017700236ea2e7afbef5d3803559c80bd8720306778ebd49268de7ce9972e83e", size = 1438191 },
    { url = "https://files.pythonhosted.org/packages/e2/31/4438c763c76798afd1d5ea019c3fe6fff54f5d95d7ddcb734d2ad618ec44/pydantic_core-2.1.2-cp310-cp310-manylinux_2_24_ppc64le.whl", hash = "sha256:c2d00a96fdf26295c6f25eaf9e4a233f353146a73713cd97a5f5dc6090c3aef2", size = 1584267 },
    { url = "https://files.pythonhosted.org/packages/ad/93/3cd7a73ca32b946c99a73b6fbb76e4b1114b949ec425f89c27f8088be9b4/pydantic_core-2.1.2-cp310-cp310-manylinux_2_24_s390x.whl", hash = "sha256:2575664f0a559a7b951a518f6f34c23cab7190f34f8220b8c8218c4f403147ee", size = 2369715 },
    { url = "https://files.pythonhosted.org/packages/d7/0b/3750ebbd83496a6d3c8b8bafc1d81763749b8f302d7a1ffbee615be798e2/pydantic_core-2.1.2-cp310-cp310-manylinux_2_5_i686.manylinux1_i686.whl", hash = "sha256:24c3c9180a2d19d640bacc2d00f497a9a1f2abadb2a9ee201b56bb03bc5343bd", size = 1521432 },
    { url = "https://files.pythonhosted.org/packages/cf/ec/bb7ab23fa6fc75ffd0dff866c2814e7066554ca11bb08cb5af80b74dc4e4/pydantic_core-2.1.2-cp310-cp310-musllinux_1_1_aarch64.whl", hash = "sha256:88a56f0f6d020b4d17641f4b4d1f9540a536d4146768d059c430e97bdb485fc1", size = 1608797 },
    { url = "https://files.pythonhosted.org/packages/a2/30/3a4086459ed2c684bff589e7457cd23c96da2f46000e1d7ace5c36e3e365/pydantic_core-2.1.2-cp310-cp310-musllinux_1_1_x86_64.whl", hash = "sha256:fa38a76e832743866aed6b715869757074b06357d1a260163ec26d84974245fe", size = 1703967 },
    { url = "https://files.pythonhosted.org/packages/f4/d9/e0f6d427aa8056c8d04d3339da40303b782d0dafac64efcdf0774cd8604c/pydantic_core-2.1.2-cp310-none-win32.whl", hash = "sha256:a772c652603855d7180015849d483a1f539351a263bb9b81bfe85193a33ce124", size = 1368472 },
    { url = "https://files.pythonhosted.org/packages/8a/c9/af266da519ecc56b7527df0df744e237462f521fc83e3a81c5b9342fd22a/pydantic_core-2.1.2-cp310-none-win_amd64.whl", hash = "sha256:b4673d1f29487608d613ebcc5caa99ba15eb58450a7449fb6d800f29d90bebc1", size = 1509222 },
    { url = "https://files.pythonhosted.org/packages/5e/8b/fb9c24488d196f1a340b12c058b08a8c24790bb1501d5661b384759552a0/pydantic_core-2.1.2-cp311-cp311-macosx_10_7_x86_64.whl", hash = "sha256:76c9c55462740d728b344e3a087775846516c3fee31ec56e2075faa7cfcafcbf", size = 1477843 },
    { url = "https://files.pythonhosted.org/packages/0b/f2/f18a3d48981957f2aa6ab336135ce73a7db92271b6ddab1b2b10554c96e6/pydantic_core-2.1.2-cp311-cp311-macosx_11_0_arm64.whl", hash = "sha256:cb854ec52e6e2e05b83d647695f4d913452fdd45a3dfa8233d7dab5967b3908f", size = 1374304 },
    { url = "https://files.pythonhosted.org/packages/a2/64/3756d93790eced2a352ef1f66ce280852153ef4d710f7269e995deebe011/pydantic_core-2.1.2-cp311-cp311-manylinux_2_17_aarch64.manylinux2014_aarch64.whl", hash = "sha256:4ac140d54da366672f6b91f9a1e8e2d4e7e72720143353501ae886d3fca03272", size = 1423662 },
    { url = "https://files.pythonhosted.org/packages/47/01/4c5cafda95fc9f4d2eec38b9a22b2498de5befdbb83c96a96191243255dd/pydantic_core-2.1.2-cp311-cp311-manylinux_2_17_x86_64.manylinux2014_x86_64.whl", hash = "sha256:818f5cb1b209ab1295087c45717178f4bbbd2bd7eda421f7a119e7b9b736a3cb", size = 1837080 },
    { url = "https://files.pythonhosted.org/packages/c4/e5/597f228da2ce3e24c8ad619b2083723e727c13c27d2bb2fac45d14d6872e/pydantic_core-2.1.2-cp311-cp311-manylinux_2_24_armv7l.whl", hash = "sha256:db4564aea8b3cb6cf1e5f3fd80f1ced73a255d492396d1bd8abd688795b34d63", size = 1438271 },
    { url = "https://files.pythonhosted.org/packages/9d/2e/33d7d56a438adbcc987c147201b9385d044eb49b2b13140379e0ac2ac258/pydantic_core-2.1.2-cp311-cp311-manylinux_2_24_ppc64le.whl", hash = "sha256:2ca2d2d5ab65fb40dd05259965006edcc62a9d9b30102737c0a6f45bcbd254e8", size = 1584293 },
    { url = "https://files.pythonhosted.org/packages/61/8b/914248c1a29cb3cdb4f2bd7aa0b00be76f3636947942d8fd41b63a50ce8e/pydantic_core-2.1.2-cp311-cp311-manylinux_2_24_s390x.whl", hash = "sha256:7c7ad8958aadfbcd664078002246796ecd5566b64b22f6af4fd1bbcec6bf8f60", size = 2369667 },
    { url = "https://files.pythonhosted.org/packages/32/ed/a7051647101c80e0978ecc3519c6e90b32cdefcbdbafa21b5325dfc2f304/pydantic_core-2.1.2-cp311-cp311-manylinux_2_5_i686.manylinux1_i686.whl", hash = "sha256:080a7af828388284a68ad7d3d3eac3bcfff6a580292849aff087e7d556ec42d4", size = 1521507 },
    { url = "https://files.pythonhosted.org/packages/5b/e0/9a55b27e30151f8088a17c0ac1a43b70d4e81b1b538ed8104482ad68473b/pydantic_core-2.1.2-cp311-cp311-musllinux_1_1_aarch64.whl", hash = "sha256:bad7029fb2251c1ac7d3acdd607e540d40d137a7d43a5e5acdcfdbd38db3fc0a", size = 1608706 },
    { url = "https://files.pythonhosted.org/packages/41/73/fc0f94144f9a1268828d9147a3cc17ce08410f0f5bb74014fdf2e4cd775c/pydantic_core-2.1.2-cp311-cp311-musllinux_1_1_x86_64.whl", hash = "sha256:1635a37137fafbc6ee0a8c879857e05b30b1aabaa927e653872b71f1501b1502", size = 1704067 },
    { url = "https://files.pythonhosted.org/packages/b5/f4/1728e5c344758b671832dea83b01c6d34318a0fd68db3b0f6fda5aa875a7/pydantic_core-2.1.2-cp311-none-win32.whl", hash = "sha256:eb4301f009a44bb5db5edfe4e51a8175a4112b566baec07f4af8b1f8cb4649a2", size = 1368494 },
    { url = "https://files.pythonhosted.org/packages/1d/e8/4b036ce2bab9a26293ff14c044c726ee74e889342e1421106d66b2f28252/pydantic_core-2.1.2-cp311-none-win_amd64.whl", hash = "sha256:ebf583f4d9b52abd15cc59e5f6eeca7e3e9741c6ea62d8711c00ac3acb067875", size = 1509077 },
    { url = "https://files.pythonhosted.org/packages/ae/28/9c03825b73440e9e31de861a5b59ff18db6ff9a4badaab031d325dd21e8e/pydantic_core-2.1.2-cp312-cp312-macosx_10_7_x86_64.whl", hash = "sha256:90b06bb47e60173d24c7cb79670aa8dd6081797290353b9d3c66d3a23e88eb34", size = 1477843 },
    { url = "https://files.pythonhosted.org/packages/8e/23/123fabb1b80234356f3d31153532884a45ced41788622a6006d5c4c492bb/pydantic_core-2.1.2-cp312-cp312-macosx_11_0_arm64.whl", hash = "sha256:0e5761ce986ec709897b1b965fad9743f301500434bea3cbab2b6e662571580f", size = 1374304 },
    { url = "https://files.pythonhosted.org/packages/85/9a/fbc2afa8bfac8b525bddc5da24ee3b670c9d59f974c367328178c211f738/pydantic_core-2.1.2-cp312-cp312-manylinux_2_17_aarch64.manylinux2014_aarch64.whl", hash = "sha256:9b9f8bf1d7008a58fbb6eb334dc6e2f2905400cced8dadb46c4ca28f005a8562", size = 1423671 },
    { url = "https://files.pythonhosted.org/packages/8b/9b/32057ba1c32555598b70d0de4b80077fda64ea0ec0710c027be966f69883/pydantic_core-2.1.2-cp312-cp312-manylinux_2_17_x86_64.manylinux2014_x86_64.whl", hash = "sha256:5a014ee88980013d192a718cbb88e8cea20acd3afad69bc6d15672d05a49cdb6", size = 1837008 },
    { url = "https://files.pythonhosted.org/packages/9d/da/0c8818e8d832f8d042600c25ef37822a4a0494ce5d81953175ff94466e68/pydantic_core-2.1.2-cp312-cp312-manylinux_2_24_armv7l.whl", hash = "sha256:8125152b03dd91deca5afe5b933a1994b39405adf6be2fe8dce3632319283f85", size = 1438275 },
    { url = "https://files.pythonhosted.org/packages/01/77/53917e943ab939802f0f88d2e0c03f9bee4c167979af3ce2c49f1847073a/pydantic_core-2.1.2-cp312-cp312-manylinux_2_24_ppc64le.whl", hash = "sha256:dc737506b4a0ba2922a2626fc6d620ce50a46aebd0fe2fbcad1b93bbdd8c7e78", size = 1584268 },
    { url = "https://files.pythonhosted.org/packages/21/e8/17e028d8f81219f4014ed7a2703ec0d90b2f4c439bd307323484a2f58669/pydantic_core-2.1.2-cp312-cp312-manylinux_2_24_s390x.whl", hash = "sha256:bb471ea8650796060afc99909d9b75da583d317e52f660faf64c45f70b3bf1e2", size = 2369668 },
    { url = "https://files.pythonhosted.org/packages/47/2f/013a4176a16b34f072a3f4b5c5f87d068cdfb55db92a28ac7bae74a02a6d/pydantic_core-2.1.2-cp312-cp312-manylinux_2_5_i686.manylinux1_i686.whl", hash = "sha256:b1fad38db1744d27061df516e59c5025b09b0a50a337c04e6eebdbddc18951bc", size = 1521511 },
    { url = "https://files.pythonhosted.org/packages/1d/e6/d344f65bc117cf40faa6e40f9c2d6607951515ee5c97139a87fa1ab05ecc/pydantic_core-2.1.2-cp312-cp312-musllinux_1_1_aarch64.whl", hash = "sha256:94d368af9e6563de6e7170a74710a2cbace7a1e9c8e507d9e3ac34c7065d7ae3", size = 1608704 },
    { url = "https://files.pythonhosted.org/packages/a5/c5/476b1fff3b5886ef0282344e1f7c3c1d3d9e6e65e7a1074863dddb840608/pydantic_core-2.1.2-cp312-cp312-musllinux_1_1_x86_64.whl", hash = "sha256:bd95d223de5162811a7b36c73d48eac4fee03b075132f3a1b73c132ce157a60c", size = 1704068 },
    { url = "https://files.pythonhosted.org/packages/18/b7/15900b0ec1cf0d0c52ad42c52dca43b62e0ad8ce7d55aa30b049ee4758c5/pydantic_core-2.1.2-cp312-none-win32.whl", hash = "sha256:cd62f73830d4715bc643ae39de0bd4fb9c81d6d743530074da91e77a2cccfe67", size = 1368482 },
    { url = "https://files.pythonhosted.org/packages/3f/a0/ef28c4a6233cabd054ae11795af8a09f0d9a6a99352b20e0d2f5e8006428/pydantic_core-2.1.2-cp312-none-win_amd64.whl", hash = "sha256:51968887d6bd1eaa7fc7759701ea8ccb470c04654beaa8ede6835b0533f206a9", size = 1508992 },
    { url = "https://files.pythonhosted.org/packages/bc/3e/671527f32e7847d7ed1f982f3ea4307848f5b0c8a50f150e4529c1954599/pydantic_core-2.1.2-cp39-cp39-macosx_10_7_x86_64.whl", hash = "sha256:8e6ce261ccb9a986953c4dce070327e4954f9dd4cd214746dfc70efbc713b6a1", size = 1478258 },
    { url = "https://files.pythonhosted.org/packages/f6/9a/dbbdc5f3b9590cd0273d96b7e0a8ce609038558bd894de1c06d643460203/pydantic_core-2.1.2-cp39-cp39-macosx_11_0_arm64.whl", hash = "sha256:d35d634d9d1ed280c87bc2a7a6217b8787eedc86f368fc2fa1c0c8c78f7d3c93", size = 1374379 },
    { url = "https://files.pythonhosted.org/packages/fc/dd/ad4af88dc902e227bde43878487c0deafbb5d72fa6b8bb6480ee0a3e37ad/pydantic_core-2.1.2-cp39-cp39-manylinux_2_17_aarch64.manylinux2014_aarch64.whl", hash = "sha256:0be2e2812a43205728a06c9d0fd090432cd76a9bb5bff2bfcfdf8b0e27d51851", size = 1424036 },
    { url = "https://files.pythonhosted.org/packages/fe/83/45780d6424dbf64800497ce694b9b09d588f6c50de9c9c6c189169adbb61/pydantic_core-2.1.2-cp39-cp39-manylinux_2_17_x86_64.manylinux2014_x86_64.whl", hash = "sha256:f0eb54b11cd4fe0c6404611eef77086ade03eb1457e92910bbb4f3479efa3f79", size = 1772088 },
    { url = "https://files.pythonhosted.org/packages/a9/1f/c7e6c593e79343091e2a4862a9a6d92a9dca585fffac0c2680191a698d04/pydantic_core-2.1.2-cp39-cp39-manylinux_2_24_armv7l.whl", hash = "sha256:087ddbb754575618a8832ee4ab52fe7eb332f502e2a56088b53dbeb5c4efdf9f", size = 1438299 },
    { url = "https://files.pythonhosted.org/packages/1f/1b/7879dcd099983b8a04d8cfc13cbcf2756384736381ea82651095c831d37d/pydantic_core-2.1.2-cp39-cp39-manylinux_2_24_ppc64le.whl", hash = "sha256:b74906e01c7fc938ac889588ef438de812989817095c3c4904721f647d64a4d1", size = 1584398 },
    { url = "https://files.pythonhosted.org/packages/96/3a/890fd045c074b3f1999380ca139d58383eeaa8435bb3864a983cd233f32e/pydantic_core-2.1.2-cp39-cp39-manylinux_2_24_s390x.whl", hash = "sha256:60b7239206a2f61ad89c7518adfacb3ccd6662eaa07c5e437317aea2615a1f18", size = 2370779 },
    { url = "https://files.pythonhosted.org/packages/cc/03/6cf597afecaba9ca3f6227cec94e049c760b7ce3ec1577cdb16ca34bb260/pydantic_core-2.1.2-cp39-cp39-manylinux_2_5_i686.manylinux1_i686.whl", hash = "sha256:be3419204952bbe9b72b90008977379c52f99ae1c6e640488de4be783c345d71", size = 1521433 },
    { url = "https://files.pythonhosted.org/packages/23/44/b15e08895bdc5e9ee7b1afdd1b543dd0a0bfd1af81523059a98232b98153/pydantic_core-2.1.2-cp39-cp39-musllinux_1_1_aarch64.whl", hash = "sha256:804cf8f6a859620f8eb754c02f7770f61c3e9c519f8338c331d555b3d6976e3c", size = 1608876 },
    { url = "https://files.pythonhosted.org/packages/f5/c5/28f8b327c228f0ce8c609e3f474e72764be1cd72096bc65c16a37b87f01e/pydantic_core-2.1.2-cp39-cp39-musllinux_1_1_x86_64.whl", hash = "sha256:cbba32fb14e199d0493c6b9c44870dab0a9c37af9f0f729068459d1849279ffd", size = 1703850 },
    { url = "https://files.pythonhosted.org/packages/1b/86/55872c1c449357531d3ea71d3f7bc672e62edc89a17ddb3e35f285ae7aac/pydantic_core-2.1.2-cp39-none-win32.whl", hash = "sha256:6bf00f56a4468f5b03dadb672a5f1d24aea303d4ccffe8a0f548c9e36017edd3", size = 1368802 },
    { url = "https://files.pythonhosted.org/packages/f1/b9/1e17aa51d549b74fa37f7641b202b9310b2e242a083e85c4dd738becad5e/pydantic_core-2.1.2-cp39-none-win_amd64.whl", hash = "sha256:ac462a28218ea7d592c7ad51b517558f4ac6565a4e53db7a4811eeaf9c9660b0", size = 1508991 },
    { url = "https://files.pythonhosted.org/packages/40/98/af05b98e7b81b1750f4445363ecc92c46dd144c208ded86c7ea37bdc13a9/pydantic_core-2.1.2-pp310-pypy310_pp73-macosx_10_7_x86_64.whl", hash = "sha256:047e782b9918f35ef534ced36f1fd2064f5581229b7a15e4d3177387a6b53134", size = 1491861 },
    { url = "https://files.pythonhosted.org/packages/c5/ff/dea9646f5885fa9efc07af91aff6086ac0282f83e66de0424ae523889566/pydantic_core-2.1.2-pp310-pypy310_pp73-manylinux_2_17_aarch64.manylinux2014_aarch64.whl", hash = "sha256:8c0213891898fa5b404cf3edf4797e3ac7819a0708ea5473fc6432a2aa27c189", size = 1428296 },
    { url = "https://files.pythonhosted.org/packages/81/34/46b72d608e02680036a52ef3d97f3173c303e8b04adb6c5e6aff19220927/pydantic_core-2.1.2-pp310-pypy310_pp73-manylinux_2_17_x86_64.manylinux2014_x86_64.whl", hash = "sha256:c0f481aaf0119f77b200e5a5e2799b3e14c015a317eaa948f42263908735cc9f", size = 1846721 },
    { url = "https://files.pythonhosted.org/packages/c2/19/a374868e93361b10637626507bc8cfd319c2e4b30b82f7de53cba24d8906/pydantic_core-2.1.2-pp310-pypy310_pp73-manylinux_2_5_i686.manylinux1_i686.whl", hash = "sha256:15eb4cb543ed36f6a4f16e3bee7aa7ed1c3757be95a3f3bbb2b82b9887131e0f", size = 1527856 },
    { url = "https://files.pythonhosted.org/packages/5d/a1/9e04723ccd479b654b762c902b302292b4958c0ffa392d347d402e43682f/pydantic_core-2.1.2-pp310-pypy310_pp73-musllinux_1_1_aarch64.whl", hash = "sha256:ef71e73a81a4cd7e87c93e8ff0170140fd93ba33b0f61e83da3f55f6e0a84fb4", size = 1614022 },
    { url = "https://files.pythonhosted.org/packages/78/27/5983cde04207c6214ecfab13348b9a284cb5f038cb57afc4d5fdcffac21e/pydantic_core-2.1.2-pp310-pypy310_pp73-musllinux_1_1_x86_64.whl", hash = "sha256:840238c845b0f80777151fef0003088ab91c6f7b3467edaff4932b425c4e3c3f", size = 1712493 },
    { url = "https://files.pythonhosted.org/packages/82/3a/c169e10b023ad15bf1e92fd4889c71bfe203778a06a566cc2169fdc7afa9/pydantic_core-2.1.2-pp310-pypy310_pp73-win_amd64.whl", hash = "sha256:7648e48ba263ca0a8a2dc55a60a219c9133fb101ba52c89a14a29fb3d4322ca3", size = 1517743 },
    { url = "https://files.pythonhosted.org/packages/03/cb/f89e2a31bd2a88eb35611ef42830cdeb87c8daa5e8b19dd76a48ef8d590d/pydantic_core-2.1.2-pp39-pypy39_pp73-macosx_10_7_x86_64.whl", hash = "sha256:aa54902fa51f7d921ba80923cf1c7ff3dce796a7903300bd8824deb90e357744", size = 1491855 },
    { url = "https://files.pythonhosted.org/packages/cd/39/32041d9ff711b6972342d1dee1de802b17d76c08dc29e9b0f1f8f515ea25/pydantic_core-2.1.2-pp39-pypy39_pp73-manylinux_2_17_aarch64.manylinux2014_aarch64.whl", hash = "sha256:8b9a5fc4058d64c9c826684dcdb43891c1b474a4a88dcf8dfc3e1fb5889496f8", size = 1428295 },
    { url = "https://files.pythonhosted.org/packages/16/ad/f3e582f18b33be4064a229af21f86e3f97344f6c5bb151820168d1ef9ad6/pydantic_core-2.1.2-pp39-pypy39_pp73-manylinux_2_17_x86_64.manylinux2014_x86_64.whl", hash = "sha256:817681d111cb65f07d46496eafec815f48e1aff37713b73135a0a9eb4d3610ab", size = 1790312 },
    { url = "https://files.pythonhosted.org/packages/94/dd/41463c95cc8eb98003af4f92be321e92a7a049421b484042245389a9c3df/pydantic_core-2.1.2-pp39-pypy39_pp73-manylinux_2_5_i686.manylinux1_i686.whl", hash = "sha256:0b5d37aedea5963f2097bddbcdb255483191646a52d40d8bb66d61c190fcac91", size = 1527846 },
    { url = "https://files.pythonhosted.org/packages/af/1f/9a656eedec17bc100f0362d700b4de2b7bb4427132014228c7ae48f1700f/pydantic_core-2.1.2-pp39-pypy39_pp73-musllinux_1_1_aarch64.whl", hash = "sha256:f2de65752fff248319bcd3b29da24e205fa505607539fcd4acc4037355175b63", size = 1614017 },
    { url = "https://files.pythonhosted.org/packages/c3/ab/d536d95b62724f0079666772cf620741bbf8250088ebaf3f07cad082c3ad/pydantic_core-2.1.2-pp39-pypy39_pp73-musllinux_1_1_x86_64.whl", hash = "sha256:a8b9c2cc4c5f8169b943d24be4bd1548fe81c016d704126e3a3124a2fc164885", size = 1712488 },
    { url = "https://files.pythonhosted.org/packages/b8/7a/8d5430bf246a5905e7d9ee7c07384feb2bffceb725f2fad6a72814a713a2/pydantic_core-2.1.2-pp39-pypy39_pp73-win_amd64.whl", hash = "sha256:f7bcdf70c8b6e70be11c78d3c00b80a24cccfb408128f23e91ec3019bed1ecc1", size = 1517707 },
]

[[package]]
name = "pytest"
version = "7.4.0"
source = { registry = "https://pypi.org/simple" }
dependencies = [
    { name = "colorama", marker = "sys_platform == 'win32'" },
    { name = "exceptiongroup", marker = "python_full_version < '3.11'" },
    { name = "iniconfig" },
    { name = "packaging" },
    { name = "pluggy" },
    { name = "tomli", marker = "python_full_version < '3.11'" },
]
sdist = { url = "https://files.pythonhosted.org/packages/a7/f3/dadfbdbf6b6c8b5bd02adb1e08bc9fbb45ba51c68b0893fa536378cdf485/pytest-7.4.0.tar.gz", hash = "sha256:b4bf8c45bd59934ed84001ad51e11b4ee40d40a1229d2c79f9c592b0a3f6bd8a", size = 1349733 }
wheels = [
    { url = "https://files.pythonhosted.org/packages/33/b2/741130cbcf2bbfa852ed95a60dc311c9e232c7ed25bac3d9b8880a8df4ae/pytest-7.4.0-py3-none-any.whl", hash = "sha256:78bf16451a2eb8c7a2ea98e32dc119fd2aa758f1d5d66dbf0a59d69a3969df32", size = 323580 },
]

[[package]]
name = "sniffio"
version = "1.3.0"
source = { registry = "https://pypi.org/simple" }
sdist = { url = "https://files.pythonhosted.org/packages/cd/50/d49c388cae4ec10e8109b1b833fd265511840706808576df3ada99ecb0ac/sniffio-1.3.0.tar.gz", hash = "sha256:e60305c5e5d314f5389259b7f22aaa33d8f7dee49763119234af3755c55b9101", size = 17103 }
wheels = [
    { url = "https://files.pythonhosted.org/packages/c3/a0/5dba8ed157b0136607c7f2151db695885606968d1fae123dc3391e0cfdbf/sniffio-1.3.0-py3-none-any.whl", hash = "sha256:eecefdce1e5bbfb7ad2eeaabf7c1eeb404d7757c379bd1f7e5cce9d8bf425384", size = 10165 },
]

[[package]]
name = "starlette"
version = "0.46.1"
source = { registry = "https://pypi.org/simple" }
dependencies = [
    { name = "anyio" },
    { name = "typing-extensions", marker = "python_full_version < '3.10'" },
]
sdist = { url = "https://files.pythonhosted.org/packages/04/1b/52b27f2e13ceedc79a908e29eac426a63465a1a01248e5f24aa36a62aeb3/starlette-0.46.1.tar.gz", hash = "sha256:3c88d58ee4bd1bb807c0d1acb381838afc7752f9ddaec81bbe4383611d833230", size = 2580102 }
wheels = [
    { url = "https://files.pythonhosted.org/packages/a0/4b/528ccf7a982216885a1ff4908e886b8fb5f19862d1962f56a3fce2435a70/starlette-0.46.1-py3-none-any.whl", hash = "sha256:77c74ed9d2720138b25875133f3a2dae6d854af2ec37dceb56aef370c1d8a227", size = 71995 },
]

[[package]]
name = "tomli"
version = "2.0.1"
source = { registry = "https://pypi.org/simple" }
sdist = { url = "https://files.pythonhosted.org/packages/c0/3f/d7af728f075fb08564c5949a9c95e44352e23dee646869fa104a3b2060a3/tomli-2.0.1.tar.gz", hash = "sha256:de526c12914f0c550d15924c62d72abc48d6fe7364aa87328337a31007fe8a4f", size = 15164 }
wheels = [
    { url = "https://files.pythonhosted.org/packages/97/75/10a9ebee3fd790d20926a90a2547f0bf78f371b2f13aa822c759680ca7b9/tomli-2.0.1-py3-none-any.whl", hash = "sha256:939de3e7a6161af0c887ef91b7d41a53e7c5a1ca976325f429cb46ea9bc30ecc", size = 12757 },
]

[[package]]
name = "typing-extensions"
version = "4.13.2"
source = { registry = "https://pypi.org/simple" }
sdist = { url = "https://files.pythonhosted.org/packages/f6/37/23083fcd6e35492953e8d2aaaa68b860eb422b34627b13f2ce3eb6106061/typing_extensions-4.13.2.tar.gz", hash = "sha256:e6c81219bd689f51865d9e372991c540bda33a0379d5573cddb9a3a23f7caaef", size = 106967 }
wheels = [
    { url = "https://files.pythonhosted.org/packages/8b/54/b1ae86c0973cc6f0210b53d508ca3641fb6d0c56823f288d108bc7ab3cc8/typing_extensions-4.13.2-py3-none-any.whl", hash = "sha256:a439e7c04b49fec3e5d3e2beaa21755cadbbdc391694e28ccdd36ca4a1408f8c", size = 45806 },
]
